// !$*UTF8*$!
{
	archiveVersion = 1;
	classes = {
	};
	objectVersion = 56;
	objects = {

/* Begin PBXBuildFile section */
		6944AC7C29BF56EB00290388 /* PokemonListApp.swift in Sources */ = {isa = PBXBuildFile; fileRef = 6944AC7B29BF56EB00290388 /* PokemonListApp.swift */; };
		6944AC7E29BF56EB00290388 /* PokmonListView.swift in Sources */ = {isa = PBXBuildFile; fileRef = 6944AC7D29BF56EB00290388 /* PokmonListView.swift */; };
		6944AC8029BF56EC00290388 /* Assets.xcassets in Resources */ = {isa = PBXBuildFile; fileRef = 6944AC7F29BF56EC00290388 /* Assets.xcassets */; };
		6944AC8329BF56EC00290388 /* Preview Assets.xcassets in Resources */ = {isa = PBXBuildFile; fileRef = 6944AC8229BF56EC00290388 /* Preview Assets.xcassets */; };
		6944AC8D29BF56EC00290388 /* PokemonListTests.swift in Sources */ = {isa = PBXBuildFile; fileRef = 6944AC8C29BF56EC00290388 /* PokemonListTests.swift */; };
		6944AC9729BF56EC00290388 /* PokemonListUITests.swift in Sources */ = {isa = PBXBuildFile; fileRef = 6944AC9629BF56EC00290388 /* PokemonListUITests.swift */; };
		6944AC9929BF56EC00290388 /* PokemonListUITestsLaunchTests.swift in Sources */ = {isa = PBXBuildFile; fileRef = 6944AC9829BF56EC00290388 /* PokemonListUITestsLaunchTests.swift */; };
		6944ACA629BF67AD00290388 /* PokeData.swift in Sources */ = {isa = PBXBuildFile; fileRef = 6944ACA529BF67AD00290388 /* PokeData.swift */; };
		69CEF0B729D41A3E0026B7AB /* PokemonRowView.swift in Sources */ = {isa = PBXBuildFile; fileRef = 69CEF0B629D41A3E0026B7AB /* PokemonRowView.swift */; };
		69E93A3929D1304A00A6015E /* PokemonModel.swift in Sources */ = {isa = PBXBuildFile; fileRef = 69E93A3829D1304A00A6015E /* PokemonModel.swift */; };
		69E93A3C29D17FB900A6015E /* PokeAPIClient.swift in Sources */ = {isa = PBXBuildFile; fileRef = 69E93A3B29D17FB900A6015E /* PokeAPIClient.swift */; };
		69E93A4029D1811200A6015E /* APIError.swift in Sources */ = {isa = PBXBuildFile; fileRef = 69E93A3F29D1811200A6015E /* APIError.swift */; };
		69E93A4329D1A4A600A6015E /* PokemonViewModel.swift in Sources */ = {isa = PBXBuildFile; fileRef = 69E93A4229D1A4A600A6015E /* PokemonViewModel.swift */; };
/* End PBXBuildFile section */

/* Begin PBXContainerItemProxy section */
		6944AC8929BF56EC00290388 /* PBXContainerItemProxy */ = {
			isa = PBXContainerItemProxy;
			containerPortal = 6944AC7029BF56EB00290388 /* Project object */;
			proxyType = 1;
			remoteGlobalIDString = 6944AC7729BF56EB00290388;
			remoteInfo = PokemonList;
		};
		6944AC9329BF56EC00290388 /* PBXContainerItemProxy */ = {
			isa = PBXContainerItemProxy;
			containerPortal = 6944AC7029BF56EB00290388 /* Project object */;
			proxyType = 1;
			remoteGlobalIDString = 6944AC7729BF56EB00290388;
			remoteInfo = PokemonList;
		};
/* End PBXContainerItemProxy section */

/* Begin PBXFileReference section */
		6944AC7829BF56EB00290388 /* PokemonList.app */ = {isa = PBXFileReference; explicitFileType = wrapper.application; includeInIndex = 0; path = PokemonList.app; sourceTree = BUILT_PRODUCTS_DIR; };
		6944AC7B29BF56EB00290388 /* PokemonListApp.swift */ = {isa = PBXFileReference; lastKnownFileType = sourcecode.swift; path = PokemonListApp.swift; sourceTree = "<group>"; };
		6944AC7D29BF56EB00290388 /* PokmonListView.swift */ = {isa = PBXFileReference; lastKnownFileType = sourcecode.swift; path = PokmonListView.swift; sourceTree = "<group>"; };
		6944AC7F29BF56EC00290388 /* Assets.xcassets */ = {isa = PBXFileReference; lastKnownFileType = folder.assetcatalog; path = Assets.xcassets; sourceTree = "<group>"; };
		6944AC8229BF56EC00290388 /* Preview Assets.xcassets */ = {isa = PBXFileReference; lastKnownFileType = folder.assetcatalog; path = "Preview Assets.xcassets"; sourceTree = "<group>"; };
		6944AC8829BF56EC00290388 /* PokemonListTests.xctest */ = {isa = PBXFileReference; explicitFileType = wrapper.cfbundle; includeInIndex = 0; path = PokemonListTests.xctest; sourceTree = BUILT_PRODUCTS_DIR; };
		6944AC8C29BF56EC00290388 /* PokemonListTests.swift */ = {isa = PBXFileReference; lastKnownFileType = sourcecode.swift; path = PokemonListTests.swift; sourceTree = "<group>"; };
		6944AC9229BF56EC00290388 /* PokemonListUITests.xctest */ = {isa = PBXFileReference; explicitFileType = wrapper.cfbundle; includeInIndex = 0; path = PokemonListUITests.xctest; sourceTree = BUILT_PRODUCTS_DIR; };
		6944AC9629BF56EC00290388 /* PokemonListUITests.swift */ = {isa = PBXFileReference; lastKnownFileType = sourcecode.swift; path = PokemonListUITests.swift; sourceTree = "<group>"; };
		6944AC9829BF56EC00290388 /* PokemonListUITestsLaunchTests.swift */ = {isa = PBXFileReference; lastKnownFileType = sourcecode.swift; path = PokemonListUITestsLaunchTests.swift; sourceTree = "<group>"; };
		6944ACA529BF67AD00290388 /* PokeData.swift */ = {isa = PBXFileReference; lastKnownFileType = sourcecode.swift; path = PokeData.swift; sourceTree = "<group>"; };
		6944ACE529C088D900290388 /* pokeGround.playground */ = {isa = PBXFileReference; lastKnownFileType = file.playground; path = pokeGround.playground; sourceTree = "<group>"; xcLanguageSpecificationIdentifier = xcode.lang.swift; };
		69CEF0B629D41A3E0026B7AB /* PokemonRowView.swift */ = {isa = PBXFileReference; lastKnownFileType = sourcecode.swift; path = PokemonRowView.swift; sourceTree = "<group>"; };
		69E93A3829D1304A00A6015E /* PokemonModel.swift */ = {isa = PBXFileReference; lastKnownFileType = sourcecode.swift; path = PokemonModel.swift; sourceTree = "<group>"; };
		69E93A3B29D17FB900A6015E /* PokeAPIClient.swift */ = {isa = PBXFileReference; lastKnownFileType = sourcecode.swift; path = PokeAPIClient.swift; sourceTree = "<group>"; };
		69E93A3F29D1811200A6015E /* APIError.swift */ = {isa = PBXFileReference; lastKnownFileType = sourcecode.swift; path = APIError.swift; sourceTree = "<group>"; };
		69E93A4229D1A4A600A6015E /* PokemonViewModel.swift */ = {isa = PBXFileReference; lastKnownFileType = sourcecode.swift; path = PokemonViewModel.swift; sourceTree = "<group>"; };
/* End PBXFileReference section */

/* Begin PBXFrameworksBuildPhase section */
		6944AC7529BF56EB00290388 /* Frameworks */ = {
			isa = PBXFrameworksBuildPhase;
			buildActionMask = 2147483647;
			files = (
			);
			runOnlyForDeploymentPostprocessing = 0;
		};
		6944AC8529BF56EC00290388 /* Frameworks */ = {
			isa = PBXFrameworksBuildPhase;
			buildActionMask = 2147483647;
			files = (
			);
			runOnlyForDeploymentPostprocessing = 0;
		};
		6944AC8F29BF56EC00290388 /* Frameworks */ = {
			isa = PBXFrameworksBuildPhase;
			buildActionMask = 2147483647;
			files = (
			);
			runOnlyForDeploymentPostprocessing = 0;
		};
/* End PBXFrameworksBuildPhase section */

/* Begin PBXGroup section */
		6944AC6F29BF56EB00290388 = {
			isa = PBXGroup;
			children = (
				6944AC7A29BF56EB00290388 /* PokemonList */,
				6944AC8B29BF56EC00290388 /* PokemonListTests */,
				6944AC9529BF56EC00290388 /* PokemonListUITests */,
				6944AC7929BF56EB00290388 /* Products */,
			);
			sourceTree = "<group>";
		};
		6944AC7929BF56EB00290388 /* Products */ = {
			isa = PBXGroup;
			children = (
				6944AC7829BF56EB00290388 /* PokemonList.app */,
				6944AC8829BF56EC00290388 /* PokemonListTests.xctest */,
				6944AC9229BF56EC00290388 /* PokemonListUITests.xctest */,
			);
			name = Products;
			sourceTree = "<group>";
		};
		6944AC7A29BF56EB00290388 /* PokemonList */ = {
			isa = PBXGroup;
			children = (
				6944AC7B29BF56EB00290388 /* PokemonListApp.swift */,
				69E93A4529D1A5BE00A6015E /* View */,
				69E93A4429D1A50400A6015E /* ViewModel */,
				69E93A4129D1812B00A6015E /* Model */,
				6944AC7F29BF56EC00290388 /* Assets.xcassets */,
				69E93A3A29D17F8200A6015E /* unUsed */,
				6944AC8129BF56EC00290388 /* Preview Content */,
			);
			path = PokemonList;
			sourceTree = "<group>";
		};
		6944AC8129BF56EC00290388 /* Preview Content */ = {
			isa = PBXGroup;
			children = (
				6944AC8229BF56EC00290388 /* Preview Assets.xcassets */,
			);
			path = "Preview Content";
			sourceTree = "<group>";
		};
		6944AC8B29BF56EC00290388 /* PokemonListTests */ = {
			isa = PBXGroup;
			children = (
				6944AC8C29BF56EC00290388 /* PokemonListTests.swift */,
			);
			path = PokemonListTests;
			sourceTree = "<group>";
		};
		6944AC9529BF56EC00290388 /* PokemonListUITests */ = {
			isa = PBXGroup;
			children = (
				6944AC9629BF56EC00290388 /* PokemonListUITests.swift */,
				6944AC9829BF56EC00290388 /* PokemonListUITestsLaunchTests.swift */,
			);
			path = PokemonListUITests;
			sourceTree = "<group>";
		};
		69E93A3A29D17F8200A6015E /* unUsed */ = {
			isa = PBXGroup;
			children = (
				6944ACE529C088D900290388 /* pokeGround.playground */,
				6944ACA529BF67AD00290388 /* PokeData.swift */,
			);
			path = unUsed;
			sourceTree = "<group>";
		};
		69E93A4129D1812B00A6015E /* Model */ = {
			isa = PBXGroup;
			children = (
				69E93A3B29D17FB900A6015E /* PokeAPIClient.swift */,
				69E93A3829D1304A00A6015E /* PokemonModel.swift */,
				69E93A3F29D1811200A6015E /* APIError.swift */,
			);
			path = Model;
			sourceTree = "<group>";
		};
		69E93A4429D1A50400A6015E /* ViewModel */ = {
			isa = PBXGroup;
			children = (
				69E93A4229D1A4A600A6015E /* PokemonViewModel.swift */,
			);
			path = ViewModel;
			sourceTree = "<group>";
		};
		69E93A4529D1A5BE00A6015E /* View */ = {
			isa = PBXGroup;
			children = (
				6944AC7D29BF56EB00290388 /* PokmonListView.swift */,
				69CEF0B629D41A3E0026B7AB /* PokemonRowView.swift */,
			);
			path = View;
			sourceTree = "<group>";
		};
/* End PBXGroup section */

/* Begin PBXNativeTarget section */
		6944AC7729BF56EB00290388 /* PokemonList */ = {
			isa = PBXNativeTarget;
			buildConfigurationList = 6944AC9C29BF56EC00290388 /* Build configuration list for PBXNativeTarget "PokemonList" */;
			buildPhases = (
				6944AC7429BF56EB00290388 /* Sources */,
				6944AC7529BF56EB00290388 /* Frameworks */,
				6944AC7629BF56EB00290388 /* Resources */,
			);
			buildRules = (
			);
			dependencies = (
			);
			name = PokemonList;
			productName = PokemonList;
			productReference = 6944AC7829BF56EB00290388 /* PokemonList.app */;
			productType = "com.apple.product-type.application";
		};
		6944AC8729BF56EC00290388 /* PokemonListTests */ = {
			isa = PBXNativeTarget;
			buildConfigurationList = 6944AC9F29BF56EC00290388 /* Build configuration list for PBXNativeTarget "PokemonListTests" */;
			buildPhases = (
				6944AC8429BF56EC00290388 /* Sources */,
				6944AC8529BF56EC00290388 /* Frameworks */,
				6944AC8629BF56EC00290388 /* Resources */,
			);
			buildRules = (
			);
			dependencies = (
				6944AC8A29BF56EC00290388 /* PBXTargetDependency */,
			);
			name = PokemonListTests;
			productName = PokemonListTests;
			productReference = 6944AC8829BF56EC00290388 /* PokemonListTests.xctest */;
			productType = "com.apple.product-type.bundle.unit-test";
		};
		6944AC9129BF56EC00290388 /* PokemonListUITests */ = {
			isa = PBXNativeTarget;
			buildConfigurationList = 6944ACA229BF56EC00290388 /* Build configuration list for PBXNativeTarget "PokemonListUITests" */;
			buildPhases = (
				6944AC8E29BF56EC00290388 /* Sources */,
				6944AC8F29BF56EC00290388 /* Frameworks */,
				6944AC9029BF56EC00290388 /* Resources */,
			);
			buildRules = (
			);
			dependencies = (
				6944AC9429BF56EC00290388 /* PBXTargetDependency */,
			);
			name = PokemonListUITests;
			productName = PokemonListUITests;
			productReference = 6944AC9229BF56EC00290388 /* PokemonListUITests.xctest */;
			productType = "com.apple.product-type.bundle.ui-testing";
		};
/* End PBXNativeTarget section */

/* Begin PBXProject section */
		6944AC7029BF56EB00290388 /* Project object */ = {
			isa = PBXProject;
			attributes = {
				BuildIndependentTargetsInParallel = 1;
				LastSwiftUpdateCheck = 1420;
				LastUpgradeCheck = 1420;
				TargetAttributes = {
					6944AC7729BF56EB00290388 = {
						CreatedOnToolsVersion = 14.2;
					};
					6944AC8729BF56EC00290388 = {
						CreatedOnToolsVersion = 14.2;
						TestTargetID = 6944AC7729BF56EB00290388;
					};
					6944AC9129BF56EC00290388 = {
						CreatedOnToolsVersion = 14.2;
						TestTargetID = 6944AC7729BF56EB00290388;
					};
				};
			};
			buildConfigurationList = 6944AC7329BF56EB00290388 /* Build configuration list for PBXProject "PokemonList" */;
			compatibilityVersion = "Xcode 14.0";
			developmentRegion = en;
			hasScannedForEncodings = 0;
			knownRegions = (
				en,
				Base,
			);
			mainGroup = 6944AC6F29BF56EB00290388;
			productRefGroup = 6944AC7929BF56EB00290388 /* Products */;
			projectDirPath = "";
			projectRoot = "";
			targets = (
				6944AC7729BF56EB00290388 /* PokemonList */,
				6944AC8729BF56EC00290388 /* PokemonListTests */,
				6944AC9129BF56EC00290388 /* PokemonListUITests */,
			);
		};
/* End PBXProject section */

/* Begin PBXResourcesBuildPhase section */
		6944AC7629BF56EB00290388 /* Resources */ = {
			isa = PBXResourcesBuildPhase;
			buildActionMask = 2147483647;
			files = (
				6944AC8329BF56EC00290388 /* Preview Assets.xcassets in Resources */,
				6944AC8029BF56EC00290388 /* Assets.xcassets in Resources */,
			);
			runOnlyForDeploymentPostprocessing = 0;
		};
		6944AC8629BF56EC00290388 /* Resources */ = {
			isa = PBXResourcesBuildPhase;
			buildActionMask = 2147483647;
			files = (
			);
			runOnlyForDeploymentPostprocessing = 0;
		};
		6944AC9029BF56EC00290388 /* Resources */ = {
			isa = PBXResourcesBuildPhase;
			buildActionMask = 2147483647;
			files = (
			);
			runOnlyForDeploymentPostprocessing = 0;
		};
/* End PBXResourcesBuildPhase section */

/* Begin PBXSourcesBuildPhase section */
		6944AC7429BF56EB00290388 /* Sources */ = {
			isa = PBXSourcesBuildPhase;
			buildActionMask = 2147483647;
			files = (
				6944AC7E29BF56EB00290388 /* PokmonListView.swift in Sources */,
				69E93A3C29D17FB900A6015E /* PokeAPIClient.swift in Sources */,
				6944AC7C29BF56EB00290388 /* PokemonListApp.swift in Sources */,
				6944ACA629BF67AD00290388 /* PokeData.swift in Sources */,
				69CEF0B729D41A3E0026B7AB /* PokemonRowView.swift in Sources */,
				69E93A3929D1304A00A6015E /* PokemonModel.swift in Sources */,
				69E93A4329D1A4A600A6015E /* PokemonViewModel.swift in Sources */,
				69E93A4029D1811200A6015E /* APIError.swift in Sources */,
			);
			runOnlyForDeploymentPostprocessing = 0;
		};
		6944AC8429BF56EC00290388 /* Sources */ = {
			isa = PBXSourcesBuildPhase;
			buildActionMask = 2147483647;
			files = (
				6944AC8D29BF56EC00290388 /* PokemonListTests.swift in Sources */,
			);
			runOnlyForDeploymentPostprocessing = 0;
		};
		6944AC8E29BF56EC00290388 /* Sources */ = {
			isa = PBXSourcesBuildPhase;
			buildActionMask = 2147483647;
			files = (
				6944AC9929BF56EC00290388 /* PokemonListUITestsLaunchTests.swift in Sources */,
				6944AC9729BF56EC00290388 /* PokemonListUITests.swift in Sources */,
			);
			runOnlyForDeploymentPostprocessing = 0;
		};
/* End PBXSourcesBuildPhase section */

/* Begin PBXTargetDependency section */
		6944AC8A29BF56EC00290388 /* PBXTargetDependency */ = {
			isa = PBXTargetDependency;
			target = 6944AC7729BF56EB00290388 /* PokemonList */;
			targetProxy = 6944AC8929BF56EC00290388 /* PBXContainerItemProxy */;
		};
		6944AC9429BF56EC00290388 /* PBXTargetDependency */ = {
			isa = PBXTargetDependency;
			target = 6944AC7729BF56EB00290388 /* PokemonList */;
			targetProxy = 6944AC9329BF56EC00290388 /* PBXContainerItemProxy */;
		};
/* End PBXTargetDependency section */

/* Begin XCBuildConfiguration section */
		6944AC9A29BF56EC00290388 /* Debug */ = {
			isa = XCBuildConfiguration;
			buildSettings = {
				ALWAYS_SEARCH_USER_PATHS = NO;
				CLANG_ANALYZER_NONNULL = YES;
				CLANG_ANALYZER_NUMBER_OBJECT_CONVERSION = YES_AGGRESSIVE;
				CLANG_CXX_LANGUAGE_STANDARD = "gnu++20";
				CLANG_ENABLE_MODULES = YES;
				CLANG_ENABLE_OBJC_ARC = YES;
				CLANG_ENABLE_OBJC_WEAK = YES;
				CLANG_WARN_BLOCK_CAPTURE_AUTORELEASING = YES;
				CLANG_WARN_BOOL_CONVERSION = YES;
				CLANG_WARN_COMMA = YES;
				CLANG_WARN_CONSTANT_CONVERSION = YES;
				CLANG_WARN_DEPRECATED_OBJC_IMPLEMENTATIONS = YES;
				CLANG_WARN_DIRECT_OBJC_ISA_USAGE = YES_ERROR;
				CLANG_WARN_DOCUMENTATION_COMMENTS = YES;
				CLANG_WARN_EMPTY_BODY = YES;
				CLANG_WARN_ENUM_CONVERSION = YES;
				CLANG_WARN_INFINITE_RECURSION = YES;
				CLANG_WARN_INT_CONVERSION = YES;
				CLANG_WARN_NON_LITERAL_NULL_CONVERSION = YES;
				CLANG_WARN_OBJC_IMPLICIT_RETAIN_SELF = YES;
				CLANG_WARN_OBJC_LITERAL_CONVERSION = YES;
				CLANG_WARN_OBJC_ROOT_CLASS = YES_ERROR;
				CLANG_WARN_QUOTED_INCLUDE_IN_FRAMEWORK_HEADER = YES;
				CLANG_WARN_RANGE_LOOP_ANALYSIS = YES;
				CLANG_WARN_STRICT_PROTOTYPES = YES;
				CLANG_WARN_SUSPICIOUS_MOVE = YES;
				CLANG_WARN_UNGUARDED_AVAILABILITY = YES_AGGRESSIVE;
				CLANG_WARN_UNREACHABLE_CODE = YES;
				CLANG_WARN__DUPLICATE_METHOD_MATCH = YES;
				COPY_PHASE_STRIP = NO;
				DEBUG_INFORMATION_FORMAT = dwarf;
				ENABLE_STRICT_OBJC_MSGSEND = YES;
				ENABLE_TESTABILITY = YES;
				GCC_C_LANGUAGE_STANDARD = gnu11;
				GCC_DYNAMIC_NO_PIC = NO;
				GCC_NO_COMMON_BLOCKS = YES;
				GCC_OPTIMIZATION_LEVEL = 0;
				GCC_PREPROCESSOR_DEFINITIONS = (
					"DEBUG=1",
					"$(inherited)",
				);
				GCC_WARN_64_TO_32_BIT_CONVERSION = YES;
				GCC_WARN_ABOUT_RETURN_TYPE = YES_ERROR;
				GCC_WARN_UNDECLARED_SELECTOR = YES;
				GCC_WARN_UNINITIALIZED_AUTOS = YES_AGGRESSIVE;
				GCC_WARN_UNUSED_FUNCTION = YES;
				GCC_WARN_UNUSED_VARIABLE = YES;
				IPHONEOS_DEPLOYMENT_TARGET = 16.2;
				MTL_ENABLE_DEBUG_INFO = INCLUDE_SOURCE;
				MTL_FAST_MATH = YES;
				ONLY_ACTIVE_ARCH = YES;
				SDKROOT = iphoneos;
				SWIFT_ACTIVE_COMPILATION_CONDITIONS = DEBUG;
				SWIFT_OPTIMIZATION_LEVEL = "-Onone";
			};
			name = Debug;
		};
		6944AC9B29BF56EC00290388 /* Release */ = {
			isa = XCBuildConfiguration;
			buildSettings = {
				ALWAYS_SEARCH_USER_PATHS = NO;
				CLANG_ANALYZER_NONNULL = YES;
				CLANG_ANALYZER_NUMBER_OBJECT_CONVERSION = YES_AGGRESSIVE;
				CLANG_CXX_LANGUAGE_STANDARD = "gnu++20";
				CLANG_ENABLE_MODULES = YES;
				CLANG_ENABLE_OBJC_ARC = YES;
				CLANG_ENABLE_OBJC_WEAK = YES;
				CLANG_WARN_BLOCK_CAPTURE_AUTORELEASING = YES;
				CLANG_WARN_BOOL_CONVERSION = YES;
				CLANG_WARN_COMMA = YES;
				CLANG_WARN_CONSTANT_CONVERSION = YES;
				CLANG_WARN_DEPRECATED_OBJC_IMPLEMENTATIONS = YES;
				CLANG_WARN_DIRECT_OBJC_ISA_USAGE = YES_ERROR;
				CLANG_WARN_DOCUMENTATION_COMMENTS = YES;
				CLANG_WARN_EMPTY_BODY = YES;
				CLANG_WARN_ENUM_CONVERSION = YES;
				CLANG_WARN_INFINITE_RECURSION = YES;
				CLANG_WARN_INT_CONVERSION = YES;
				CLANG_WARN_NON_LITERAL_NULL_CONVERSION = YES;
				CLANG_WARN_OBJC_IMPLICIT_RETAIN_SELF = YES;
				CLANG_WARN_OBJC_LITERAL_CONVERSION = YES;
				CLANG_WARN_OBJC_ROOT_CLASS = YES_ERROR;
				CLANG_WARN_QUOTED_INCLUDE_IN_FRAMEWORK_HEADER = YES;
				CLANG_WARN_RANGE_LOOP_ANALYSIS = YES;
				CLANG_WARN_STRICT_PROTOTYPES = YES;
				CLANG_WARN_SUSPICIOUS_MOVE = YES;
				CLANG_WARN_UNGUARDED_AVAILABILITY = YES_AGGRESSIVE;
				CLANG_WARN_UNREACHABLE_CODE = YES;
				CLANG_WARN__DUPLICATE_METHOD_MATCH = YES;
				COPY_PHASE_STRIP = NO;
				DEBUG_INFORMATION_FORMAT = "dwarf-with-dsym";
				ENABLE_NS_ASSERTIONS = NO;
				ENABLE_STRICT_OBJC_MSGSEND = YES;
				GCC_C_LANGUAGE_STANDARD = gnu11;
				GCC_NO_COMMON_BLOCKS = YES;
				GCC_WARN_64_TO_32_BIT_CONVERSION = YES;
				GCC_WARN_ABOUT_RETURN_TYPE = YES_ERROR;
				GCC_WARN_UNDECLARED_SELECTOR = YES;
				GCC_WARN_UNINITIALIZED_AUTOS = YES_AGGRESSIVE;
				GCC_WARN_UNUSED_FUNCTION = YES;
				GCC_WARN_UNUSED_VARIABLE = YES;
				IPHONEOS_DEPLOYMENT_TARGET = 16.2;
				MTL_ENABLE_DEBUG_INFO = NO;
				MTL_FAST_MATH = YES;
				SDKROOT = iphoneos;
				SWIFT_COMPILATION_MODE = wholemodule;
				SWIFT_OPTIMIZATION_LEVEL = "-O";
				VALIDATE_PRODUCT = YES;
			};
			name = Release;
		};
		6944AC9D29BF56EC00290388 /* Debug */ = {
			isa = XCBuildConfiguration;
			buildSettings = {
				ASSETCATALOG_COMPILER_APPICON_NAME = AppIcon;
				ASSETCATALOG_COMPILER_GLOBAL_ACCENT_COLOR_NAME = AccentColor;
				CODE_SIGN_STYLE = Automatic;
				CURRENT_PROJECT_VERSION = 1;
				DEVELOPMENT_ASSET_PATHS = "\"PokemonList/Preview Content\"";
				ENABLE_PREVIEWS = YES;
				GENERATE_INFOPLIST_FILE = YES;
				INFOPLIST_KEY_UIApplicationSceneManifest_Generation = YES;
				INFOPLIST_KEY_UIApplicationSupportsIndirectInputEvents = YES;
				INFOPLIST_KEY_UILaunchScreen_Generation = YES;
				INFOPLIST_KEY_UISupportedInterfaceOrientations_iPad = "UIInterfaceOrientationPortrait UIInterfaceOrientationPortraitUpsideDown UIInterfaceOrientationLandscapeLeft UIInterfaceOrientationLandscapeRight";
				INFOPLIST_KEY_UISupportedInterfaceOrientations_iPhone = "UIInterfaceOrientationPortrait UIInterfaceOrientationLandscapeLeft UIInterfaceOrientationLandscapeRight";
				LD_RUNPATH_SEARCH_PATHS = (
					"$(inherited)",
					"@executable_path/Frameworks",
				);
				MARKETING_VERSION = 1.0;
				PRODUCT_BUNDLE_IDENTIFIER = com.sako.PokemonList;
				PRODUCT_NAME = "$(TARGET_NAME)";
				SWIFT_EMIT_LOC_STRINGS = YES;
				SWIFT_VERSION = 5.0;
				TARGETED_DEVICE_FAMILY = "1,2";
			};
			name = Debug;
		};
		6944AC9E29BF56EC00290388 /* Release */ = {
			isa = XCBuildConfiguration;
			buildSettings = {
				ASSETCATALOG_COMPILER_APPICON_NAME = AppIcon;
				ASSETCATALOG_COMPILER_GLOBAL_ACCENT_COLOR_NAME = AccentColor;
				CODE_SIGN_STYLE = Automatic;
				CURRENT_PROJECT_VERSION = 1;
				DEVELOPMENT_ASSET_PATHS = "\"PokemonList/Preview Content\"";
				ENABLE_PREVIEWS = YES;
				GENERATE_INFOPLIST_FILE = YES;
				INFOPLIST_KEY_UIApplicationSceneManifest_Generation = YES;
				INFOPLIST_KEY_UIApplicationSupportsIndirectInputEvents = YES;
				INFOPLIST_KEY_UILaunchScreen_Generation = YES;
				INFOPLIST_KEY_UISupportedInterfaceOrientations_iPad = "UIInterfaceOrientationPortrait UIInterfaceOrientationPortraitUpsideDown UIInterfaceOrientationLandscapeLeft UIInterfaceOrientationLandscapeRight";
				INFOPLIST_KEY_UISupportedInterfaceOrientations_iPhone = "UIInterfaceOrientationPortrait UIInterfaceOrientationLandscapeLeft UIInterfaceOrientationLandscapeRight";
				LD_RUNPATH_SEARCH_PATHS = (
					"$(inherited)",
					"@executable_path/Frameworks",
				);
				MARKETING_VERSION = 1.0;
				PRODUCT_BUNDLE_IDENTIFIER = com.sako.PokemonList;
				PRODUCT_NAME = "$(TARGET_NAME)";
				SWIFT_EMIT_LOC_STRINGS = YES;
				SWIFT_VERSION = 5.0;
				TARGETED_DEVICE_FAMILY = "1,2";
			};
			name = Release;
		};
		6944ACA029BF56EC00290388 /* Debug */ = {
			isa = XCBuildConfiguration;
			buildSettings = {
				ALWAYS_EMBED_SWIFT_STANDARD_LIBRARIES = YES;
				BUNDLE_LOADER = "$(TEST_HOST)";
				CODE_SIGN_STYLE = Automatic;
				CURRENT_PROJECT_VERSION = 1;
				GENERATE_INFOPLIST_FILE = YES;
				IPHONEOS_DEPLOYMENT_TARGET = 16.2;
				MARKETING_VERSION = 1.0;
				PRODUCT_BUNDLE_IDENTIFIER = com.sako.PokemonListTests;
				PRODUCT_NAME = "$(TARGET_NAME)";
				SWIFT_EMIT_LOC_STRINGS = NO;
				SWIFT_VERSION = 5.0;
				TARGETED_DEVICE_FAMILY = "1,2";
				TEST_HOST = "$(BUILT_PRODUCTS_DIR)/PokemonList.app/$(BUNDLE_EXECUTABLE_FOLDER_PATH)/PokemonList";
			};
			name = Debug;
		};
		6944ACA129BF56EC00290388 /* Release */ = {
			isa = XCBuildConfiguration;
			buildSettings = {
				ALWAYS_EMBED_SWIFT_STANDARD_LIBRARIES = YES;
				BUNDLE_LOADER = "$(TEST_HOST)";
				CODE_SIGN_STYLE = Automatic;
				CURRENT_PROJECT_VERSION = 1;
				GENERATE_INFOPLIST_FILE = YES;
				IPHONEOS_DEPLOYMENT_TARGET = 16.2;
				MARKETING_VERSION = 1.0;
				PRODUCT_BUNDLE_IDENTIFIER = com.sako.PokemonListTests;
				PRODUCT_NAME = "$(TARGET_NAME)";
				SWIFT_EMIT_LOC_STRINGS = NO;
				SWIFT_VERSION = 5.0;
				TARGETED_DEVICE_FAMILY = "1,2";
				TEST_HOST = "$(BUILT_PRODUCTS_DIR)/PokemonList.app/$(BUNDLE_EXECUTABLE_FOLDER_PATH)/PokemonList";
			};
			name = Release;
		};
		6944ACA329BF56EC00290388 /* Debug */ = {
			isa = XCBuildConfiguration;
			buildSettings = {
				ALWAYS_EMBED_SWIFT_STANDARD_LIBRARIES = YES;
				CODE_SIGN_STYLE = Automatic;
				CURRENT_PROJECT_VERSION = 1;
				GENERATE_INFOPLIST_FILE = YES;
				MARKETING_VERSION = 1.0;
				PRODUCT_BUNDLE_IDENTIFIER = com.sako.PokemonListUITests;
				PRODUCT_NAME = "$(TARGET_NAME)";
				SWIFT_EMIT_LOC_STRINGS = NO;
				SWIFT_VERSION = 5.0;
				TARGETED_DEVICE_FAMILY = "1,2";
				TEST_TARGET_NAME = PokemonList;
			};
			name = Debug;
		};
		6944ACA429BF56EC00290388 /* Release */ = {
			isa = XCBuildConfiguration;
			buildSettings = {
				ALWAYS_EMBED_SWIFT_STANDARD_LIBRARIES = YES;
				CODE_SIGN_STYLE = Automatic;
				CURRENT_PROJECT_VERSION = 1;
				GENERATE_INFOPLIST_FILE = YES;
				MARKETING_VERSION = 1.0;
				PRODUCT_BUNDLE_IDENTIFIER = com.sako.PokemonListUITests;
				PRODUCT_NAME = "$(TARGET_NAME)";
				SWIFT_EMIT_LOC_STRINGS = NO;
				SWIFT_VERSION = 5.0;
				TARGETED_DEVICE_FAMILY = "1,2";
				TEST_TARGET_NAME = PokemonList;
			};
			name = Release;
		};
/* End XCBuildConfiguration section */

/* Begin XCConfigurationList section */
		6944AC7329BF56EB00290388 /* Build configuration list for PBXProject "PokemonList" */ = {
			isa = XCConfigurationList;
			buildConfigurations = (
				6944AC9A29BF56EC00290388 /* Debug */,
				6944AC9B29BF56EC00290388 /* Release */,
			);
			defaultConfigurationIsVisible = 0;
			defaultConfigurationName = Release;
		};
		6944AC9C29BF56EC00290388 /* Build configuration list for PBXNativeTarget "PokemonList" */ = {
			isa = XCConfigurationList;
			buildConfigurations = (
				6944AC9D29BF56EC00290388 /* Debug */,
				6944AC9E29BF56EC00290388 /* Release */,
			);
			defaultConfigurationIsVisible = 0;
			defaultConfigurationName = Release;
		};
		6944AC9F29BF56EC00290388 /* Build configuration list for PBXNativeTarget "PokemonListTests" */ = {
			isa = XCConfigurationList;
			buildConfigurations = (
				6944ACA029BF56EC00290388 /* Debug */,
				6944ACA129BF56EC00290388 /* Release */,
			);
			defaultConfigurationIsVisible = 0;
			defaultConfigurationName = Release;
		};
		6944ACA229BF56EC00290388 /* Build configuration list for PBXNativeTarget "PokemonListUITests" */ = {
			isa = XCConfigurationList;
			buildConfigurations = (
				6944ACA329BF56EC00290388 /* Debug */,
				6944ACA429BF56EC00290388 /* Release */,
			);
			defaultConfigurationIsVisible = 0;
			defaultConfigurationName = Release;
		};
/* End XCConfigurationList section */
	};
	rootObject = 6944AC7029BF56EB00290388 /* Project object */;
}
